schema: '2.0'
stages:
  data_cleaning:
    cmd: python src/data_cleaning.py
    deps:
    - path: data/raw/Music_Info.csv
      hash: md5
      md5: e63b74919a3cdada5c804df4666391c9
      size: 14985870
    - path: src/data_cleaning.py
      hash: md5
      md5: 945a505f745df0a6681c90f9637c706e
      size: 2030
    outs:
    - path: data/processed/cleaned_music_data.csv
      hash: md5
      md5: b5e99f8fcf0e54fa347c97490c779d67
      size: 13709636
  transform_data:
    cmd: python src/content_based_filtering.py
    deps:
    - path: data/processed/cleaned_music_data.csv
      hash: md5
      md5: b5e99f8fcf0e54fa347c97490c779d67
      size: 13709636
    - path: src/content_based_filtering.py
      hash: md5
      md5: bc74d11cd897907421927dec48345890
      size: 6576
    - path: src/data_cleaning.py
      hash: md5
      md5: 945a505f745df0a6681c90f9637c706e
      size: 2030
    outs:
    - path: data/processed/transformed_data.npz
      hash: md5
      md5: f32fa1890a52bed4fe44aaac84bf5815
      size: 4522794
    - path: transformer.joblib
      hash: md5
      md5: 80f1942ed1e899e5090b3dab48079374
      size: 135309
